# THIS IS AN AUTOGENERATED FILE. DO NOT EDIT THIS FILE DIRECTLY.
# yarn lockfile v1


eve-raphael@0.5.0:
  version "0.5.0"
  resolved "https://registry.yarnpkg.com/eve-raphael/-/eve-raphael-0.5.0.tgz#17c754b792beef3fa6684d79cf5a47c63c4cda30"

eve@~0.5.1:
  version "0.5.4"
  resolved "https://registry.yarnpkg.com/eve/-/eve-0.5.4.tgz#67d080b9725291d7e389e34c26860dd97f1debaa"

raphael@^2.2.7:
  version "2.2.7"
  resolved "https://registry.yarnpkg.com/raphael/-/raphael-2.2.7.tgz#231b19141f8d086986d8faceb66f8b562ee2c810"
  dependencies:
    eve-raphael "0.5.0"

react-sequence-diagram@^0.0.12:
  version "0.0.12"
  resolved "https://registry.yarnpkg.com/react-sequence-diagram/-/react-sequence-diagram-0.0.12.tgz#b9b02ab84fdf2b102015fcd716083179a711157b"
  dependencies:
    raphael "^2.2.7"
    snapsvg "^0.5.1"
    underscore "^1.8.3"

snapsvg@^0.5.1:
  version "0.5.1"
  resolved "https://registry.yarnpkg.com/snapsvg/-/snapsvg-0.5.1.tgz#0caf52c79189a290746fc446cc5e863f6bdddfe3"
  dependencies:
    eve "~0.5.1"

underscore@^1.8.3:
  version "1.8.3"
  resolved "https://registry.yarnpkg.com/underscore/-/underscore-1.8.3.tgz#4f3fb53b106e6097fcf9cb4109f2a5e9bdfa5022"
